
Microsoft Visual Studio Solution File, Format Version 12.00
# Visual Studio Version 17
VisualStudioVersion = 17.5.33424.131
MinimumVisualStudioVersion = 10.0.40219.1
Project("{FAE04EC0-301F-11D3-BF4B-00C04F79EFBC}") = "EmployeeTracker", "EmployeeTracker\EmployeeTracker.csproj", "{89C74BE0-F5EB-4C99-B85E-D441731ECC29}"
EndProject
Global
	GlobalSection(SolutionConfigurationPlatforms) = preSolution
		Debug|Any CPU = Debug|Any CPU
		Release|Any CPU = Release|Any CPU
	EndGlobalSection
	GlobalSection(ProjectConfigurationPlatforms) = postSolution
		{89C74BE0-F5EB-4C99-B85E-D441731ECC29}.Debug|Any CPU.ActiveCfg = Debug|Any CPU
		{89C74BE0-F5EB-4C99-B85E-D441731ECC29}.Debug|Any CPU.Build.0 = Debug|Any CPU
		{89C74BE0-F5EB-4C99-B85E-D441731ECC29}.Release|Any CPU.ActiveCfg = Release|Any CPU
		{89C74BE0-F5EB-4C99-B85E-D441731ECC29}.Release|Any CPU.Build.0 = Release|Any CPU
	EndGlobalSection
	GlobalSection(SolutionProperties) = preSolution
		HideSolutionNode = FALSE
	EndGlobalSection
	GlobalSection(ExtensibilityGlobals) = postSolution
		SolutionGuid = {8AC07C3D-8B75-42F6-9F86-7DBC62542556}
	EndGlobalSection
EndGlobal
